
Microsoft Visual Studio Solution File, Format Version 12.00
# Visual Studio Version 16
VisualStudioVersion = 16.0.29009.5
MinimumVisualStudioVersion = 10.0.40219.1
Project("{FAE04EC0-301F-11D3-BF4B-00C04F79EFBC}") = "BeautyForestAgent", "BeautyForestAgent\BeautyForestAgent.csproj", "{F2EE53DF-7762-42D1-8A2B-6EFCB477DEED}"
EndProject
Global
	GlobalSection(SolutionConfigurationPlatforms) = preSolution
		Debug|Any CPU = Debug|Any CPU
		Release|Any CPU = Release|Any CPU
	EndGlobalSection
	GlobalSection(ProjectConfigurationPlatforms) = postSolution
		{F2EE53DF-7762-42D1-8A2B-6EFCB477DEED}.Debug|Any CPU.ActiveCfg = Debug|Any CPU
		{F2EE53DF-7762-42D1-8A2B-6EFCB477DEED}.Debug|Any CPU.Build.0 = Debug|Any CPU
		{F2EE53DF-7762-42D1-8A2B-6EFCB477DEED}.Release|Any CPU.ActiveCfg = Release|Any CPU
		{F2EE53DF-7762-42D1-8A2B-6EFCB477DEED}.Release|Any CPU.Build.0 = Release|Any CPU
	EndGlobalSection
	GlobalSection(SolutionProperties) = preSolution
		HideSolutionNode = FALSE
	EndGlobalSection
	GlobalSection(ExtensibilityGlobals) = postSolution
		SolutionGuid = {85622F1B-ED5C-4CBB-9950-2D1316FA9999}
	EndGlobalSection
EndGlobal
